// !$*UTF8*$!
{
	archiveVersion = 1;
	classes = {
	};
	objectVersion = 77;
	objects = {

/* Begin PBXBuildFile section */
		A96E7CF02DB34B9000426F32 /* SwiftRohan in Frameworks */ = {isa = PBXBuildFile; productRef = A96E7CEF2DB34B9000426F32 /* SwiftRohan */; };
/* End PBXBuildFile section */

/* Begin PBXContainerItemProxy section */
		A9BF05F62D1D82F0007DA5CC /* PBXContainerItemProxy */ = {
			isa = PBXContainerItemProxy;
			containerPortal = A9BF05DC2D1D82EF007DA5CC /* Project object */;
			proxyType = 1;
			remoteGlobalIDString = A9BF05E32D1D82EF007DA5CC;
			remoteInfo = TestEditor;
		};
		A9BF06002D1D82F0007DA5CC /* PBXContainerItemProxy */ = {
			isa = PBXContainerItemProxy;
			containerPortal = A9BF05DC2D1D82EF007DA5CC /* Project object */;
			proxyType = 1;
			remoteGlobalIDString = A9BF05E32D1D82EF007DA5CC;
			remoteInfo = TestEditor;
		};
/* End PBXContainerItemProxy section */

/* Begin PBXFileReference section */
		A9BF05E42D1D82EF007DA5CC /* TestEditor.app */ = {isa = PBXFileReference; explicitFileType = wrapper.application; includeInIndex = 0; path = TestEditor.app; sourceTree = BUILT_PRODUCTS_DIR; };
		A9BF05F52D1D82F0007DA5CC /* TestEditorTests.xctest */ = {isa = PBXFileReference; explicitFileType = wrapper.cfbundle; includeInIndex = 0; path = TestEditorTests.xctest; sourceTree = BUILT_PRODUCTS_DIR; };
		A9BF05FF2D1D82F0007DA5CC /* TestEditorUITests.xctest */ = {isa = PBXFileReference; explicitFileType = wrapper.cfbundle; includeInIndex = 0; path = TestEditorUITests.xctest; sourceTree = BUILT_PRODUCTS_DIR; };
/* End PBXFileReference section */

/* Begin PBXFileSystemSynchronizedRootGroup section */
		A9BF05E62D1D82EF007DA5CC /* TestEditor */ = {
			isa = PBXFileSystemSynchronizedRootGroup;
			path = TestEditor;
			sourceTree = "<group>";
		};
		A9BF05F82D1D82F0007DA5CC /* TestEditorTests */ = {
			isa = PBXFileSystemSynchronizedRootGroup;
			path = TestEditorTests;
			sourceTree = "<group>";
		};
		A9BF06022D1D82F0007DA5CC /* TestEditorUITests */ = {
			isa = PBXFileSystemSynchronizedRootGroup;
			path = TestEditorUITests;
			sourceTree = "<group>";
		};
/* End PBXFileSystemSynchronizedRootGroup section */

/* Begin PBXFrameworksBuildPhase section */
		A9BF05E12D1D82EF007DA5CC /* Frameworks */ = {
			isa = PBXFrameworksBuildPhase;
			buildActionMask = 2147483647;
			files = (
				A96E7CF02DB34B9000426F32 /* SwiftRohan in Frameworks */,
			);
			runOnlyForDeploymentPostprocessing = 0;
		};
		A9BF05F22D1D82F0007DA5CC /* Frameworks */ = {
			isa = PBXFrameworksBuildPhase;
			buildActionMask = 2147483647;
			files = (
			);
			runOnlyForDeploymentPostprocessing = 0;
		};
		A9BF05FC2D1D82F0007DA5CC /* Frameworks */ = {
			isa = PBXFrameworksBuildPhase;
			buildActionMask = 2147483647;
			files = (
			);
			runOnlyForDeploymentPostprocessing = 0;
		};
/* End PBXFrameworksBuildPhase section */

/* Begin PBXGroup section */
		A942A5872D374ABC00078FF3 /* Frameworks */ = {
			isa = PBXGroup;
			children = (
			);
			name = Frameworks;
			sourceTree = "<group>";
		};
		A9BF05DB2D1D82EF007DA5CC = {
			isa = PBXGroup;
			children = (
				A9BF05E62D1D82EF007DA5CC /* TestEditor */,
				A9BF05F82D1D82F0007DA5CC /* TestEditorTests */,
				A9BF06022D1D82F0007DA5CC /* TestEditorUITests */,
				A942A5872D374ABC00078FF3 /* Frameworks */,
				A9BF05E52D1D82EF007DA5CC /* Products */,
			);
			sourceTree = "<group>";
		};
		A9BF05E52D1D82EF007DA5CC /* Products */ = {
			isa = PBXGroup;
			children = (
				A9BF05E42D1D82EF007DA5CC /* TestEditor.app */,
				A9BF05F52D1D82F0007DA5CC /* TestEditorTests.xctest */,
				A9BF05FF2D1D82F0007DA5CC /* TestEditorUITests.xctest */,
			);
			name = Products;
			sourceTree = "<group>";
		};
/* End PBXGroup section */

/* Begin PBXNativeTarget section */
		A9BF05E32D1D82EF007DA5CC /* TestEditor */ = {
			isa = PBXNativeTarget;
			buildConfigurationList = A9BF06092D1D82F0007DA5CC /* Build configuration list for PBXNativeTarget "TestEditor" */;
			buildPhases = (
				A9BF05E02D1D82EF007DA5CC /* Sources */,
				A9BF05E12D1D82EF007DA5CC /* Frameworks */,
				A9BF05E22D1D82EF007DA5CC /* Resources */,
			);
			buildRules = (
			);
			dependencies = (
			);
			fileSystemSynchronizedGroups = (
				A9BF05E62D1D82EF007DA5CC /* TestEditor */,
			);
			name = TestEditor;
			packageProductDependencies = (
				A96E7CEF2DB34B9000426F32 /* SwiftRohan */,
			);
			productName = TestEditor;
			productReference = A9BF05E42D1D82EF007DA5CC /* TestEditor.app */;
			productType = "com.apple.product-type.application";
		};
		A9BF05F42D1D82F0007DA5CC /* TestEditorTests */ = {
			isa = PBXNativeTarget;
			buildConfigurationList = A9BF060C2D1D82F0007DA5CC /* Build configuration list for PBXNativeTarget "TestEditorTests" */;
			buildPhases = (
				A9BF05F12D1D82F0007DA5CC /* Sources */,
				A9BF05F22D1D82F0007DA5CC /* Frameworks */,
				A9BF05F32D1D82F0007DA5CC /* Resources */,
			);
			buildRules = (
			);
			dependencies = (
				A9BF05F72D1D82F0007DA5CC /* PBXTargetDependency */,
			);
			fileSystemSynchronizedGroups = (
				A9BF05F82D1D82F0007DA5CC /* TestEditorTests */,
			);
			name = TestEditorTests;
			packageProductDependencies = (
			);
			productName = TestEditorTests;
			productReference = A9BF05F52D1D82F0007DA5CC /* TestEditorTests.xctest */;
			productType = "com.apple.product-type.bundle.unit-test";
		};
		A9BF05FE2D1D82F0007DA5CC /* TestEditorUITests */ = {
			isa = PBXNativeTarget;
			buildConfigurationList = A9BF060F2D1D82F0007DA5CC /* Build configuration list for PBXNativeTarget "TestEditorUITests" */;
			buildPhases = (
				A9BF05FB2D1D82F0007DA5CC /* Sources */,
				A9BF05FC2D1D82F0007DA5CC /* Frameworks */,
				A9BF05FD2D1D82F0007DA5CC /* Resources */,
			);
			buildRules = (
			);
			dependencies = (
				A9BF06012D1D82F0007DA5CC /* PBXTargetDependency */,
			);
			fileSystemSynchronizedGroups = (
				A9BF06022D1D82F0007DA5CC /* TestEditorUITests */,
			);
			name = TestEditorUITests;
			packageProductDependencies = (
			);
			productName = TestEditorUITests;
			productReference = A9BF05FF2D1D82F0007DA5CC /* TestEditorUITests.xctest */;
			productType = "com.apple.product-type.bundle.ui-testing";
		};
/* End PBXNativeTarget section */

/* Begin PBXProject section */
		A9BF05DC2D1D82EF007DA5CC /* Project object */ = {
			isa = PBXProject;
			attributes = {
				BuildIndependentTargetsInParallel = 1;
				LastSwiftUpdateCheck = 1620;
				LastUpgradeCheck = 1620;
				TargetAttributes = {
					A9BF05E32D1D82EF007DA5CC = {
						CreatedOnToolsVersion = 16.2;
					};
					A9BF05F42D1D82F0007DA5CC = {
						CreatedOnToolsVersion = 16.2;
						TestTargetID = A9BF05E32D1D82EF007DA5CC;
					};
					A9BF05FE2D1D82F0007DA5CC = {
						CreatedOnToolsVersion = 16.2;
						TestTargetID = A9BF05E32D1D82EF007DA5CC;
					};
				};
			};
			buildConfigurationList = A9BF05DF2D1D82EF007DA5CC /* Build configuration list for PBXProject "TestEditor" */;
			developmentRegion = en;
			hasScannedForEncodings = 0;
			knownRegions = (
				en,
				Base,
			);
			mainGroup = A9BF05DB2D1D82EF007DA5CC;
			minimizedProjectReferenceProxies = 1;
			packageReferences = (
				A96E7CEE2DB34B9000426F32 /* XCLocalSwiftPackageReference "../../swift-rohan" */,
			);
			preferredProjectObjectVersion = 77;
			productRefGroup = A9BF05E52D1D82EF007DA5CC /* Products */;
			projectDirPath = "";
			projectRoot = "";
			targets = (
				A9BF05E32D1D82EF007DA5CC /* TestEditor */,
				A9BF05F42D1D82F0007DA5CC /* TestEditorTests */,
				A9BF05FE2D1D82F0007DA5CC /* TestEditorUITests */,
			);
		};
/* End PBXProject section */

/* Begin PBXResourcesBuildPhase section */
		A9BF05E22D1D82EF007DA5CC /* Resources */ = {
			isa = PBXResourcesBuildPhase;
			buildActionMask = 2147483647;
			files = (
			);
			runOnlyForDeploymentPostprocessing = 0;
		};
		A9BF05F32D1D82F0007DA5CC /* Resources */ = {
			isa = PBXResourcesBuildPhase;
			buildActionMask = 2147483647;
			files = (
			);
			runOnlyForDeploymentPostprocessing = 0;
		};
		A9BF05FD2D1D82F0007DA5CC /* Resources */ = {
			isa = PBXResourcesBuildPhase;
			buildActionMask = 2147483647;
			files = (
			);
			runOnlyForDeploymentPostprocessing = 0;
		};
/* End PBXResourcesBuildPhase section */

/* Begin PBXSourcesBuildPhase section */
		A9BF05E02D1D82EF007DA5CC /* Sources */ = {
			isa = PBXSourcesBuildPhase;
			buildActionMask = 2147483647;
			files = (
			);
			runOnlyForDeploymentPostprocessing = 0;
		};
		A9BF05F12D1D82F0007DA5CC /* Sources */ = {
			isa = PBXSourcesBuildPhase;
			buildActionMask = 2147483647;
			files = (
			);
			runOnlyForDeploymentPostprocessing = 0;
		};
		A9BF05FB2D1D82F0007DA5CC /* Sources */ = {
			isa = PBXSourcesBuildPhase;
			buildActionMask = 2147483647;
			files = (
			);
			runOnlyForDeploymentPostprocessing = 0;
		};
/* End PBXSourcesBuildPhase section */

/* Begin PBXTargetDependency section */
		A9BF05F72D1D82F0007DA5CC /* PBXTargetDependency */ = {
			isa = PBXTargetDependency;
			target = A9BF05E32D1D82EF007DA5CC /* TestEditor */;
			targetProxy = A9BF05F62D1D82F0007DA5CC /* PBXContainerItemProxy */;
		};
		A9BF06012D1D82F0007DA5CC /* PBXTargetDependency */ = {
			isa = PBXTargetDependency;
			target = A9BF05E32D1D82EF007DA5CC /* TestEditor */;
			targetProxy = A9BF06002D1D82F0007DA5CC /* PBXContainerItemProxy */;
		};
/* End PBXTargetDependency section */

/* Begin XCBuildConfiguration section */
		A9BF06072D1D82F0007DA5CC /* Debug */ = {
			isa = XCBuildConfiguration;
			buildSettings = {
				ALWAYS_SEARCH_USER_PATHS = NO;
				ASSETCATALOG_COMPILER_GENERATE_SWIFT_ASSET_SYMBOL_EXTENSIONS = YES;
				CLANG_ANALYZER_NONNULL = YES;
				CLANG_ANALYZER_NUMBER_OBJECT_CONVERSION = YES_AGGRESSIVE;
				CLANG_CXX_LANGUAGE_STANDARD = "gnu++20";
				CLANG_ENABLE_MODULES = YES;
				CLANG_ENABLE_OBJC_ARC = YES;
				CLANG_ENABLE_OBJC_WEAK = YES;
				CLANG_WARN_BLOCK_CAPTURE_AUTORELEASING = YES;
				CLANG_WARN_BOOL_CONVERSION = YES;
				CLANG_WARN_COMMA = YES;
				CLANG_WARN_CONSTANT_CONVERSION = YES;
				CLANG_WARN_DEPRECATED_OBJC_IMPLEMENTATIONS = YES;
				CLANG_WARN_DIRECT_OBJC_ISA_USAGE = YES_ERROR;
				CLANG_WARN_DOCUMENTATION_COMMENTS = YES;
				CLANG_WARN_EMPTY_BODY = YES;
				CLANG_WARN_ENUM_CONVERSION = YES;
				CLANG_WARN_INFINITE_RECURSION = YES;
				CLANG_WARN_INT_CONVERSION = YES;
				CLANG_WARN_NON_LITERAL_NULL_CONVERSION = YES;
				CLANG_WARN_OBJC_IMPLICIT_RETAIN_SELF = YES;
				CLANG_WARN_OBJC_LITERAL_CONVERSION = YES;
				CLANG_WARN_OBJC_ROOT_CLASS = YES_ERROR;
				CLANG_WARN_QUOTED_INCLUDE_IN_FRAMEWORK_HEADER = YES;
				CLANG_WARN_RANGE_LOOP_ANALYSIS = YES;
				CLANG_WARN_STRICT_PROTOTYPES = YES;
				CLANG_WARN_SUSPICIOUS_MOVE = YES;
				CLANG_WARN_UNGUARDED_AVAILABILITY = YES_AGGRESSIVE;
				CLANG_WARN_UNREACHABLE_CODE = YES;
				CLANG_WARN__DUPLICATE_METHOD_MATCH = YES;
				COPY_PHASE_STRIP = NO;
				DEBUG_INFORMATION_FORMAT = dwarf;
				ENABLE_STRICT_OBJC_MSGSEND = YES;
				ENABLE_TESTABILITY = YES;
				ENABLE_USER_SCRIPT_SANDBOXING = YES;
				GCC_C_LANGUAGE_STANDARD = gnu17;
				GCC_DYNAMIC_NO_PIC = NO;
				GCC_NO_COMMON_BLOCKS = YES;
				GCC_OPTIMIZATION_LEVEL = 0;
				GCC_PREPROCESSOR_DEFINITIONS = (
					"DEBUG=1",
					"$(inherited)",
				);
				GCC_WARN_64_TO_32_BIT_CONVERSION = YES;
				GCC_WARN_ABOUT_RETURN_TYPE = YES_ERROR;
				GCC_WARN_UNDECLARED_SELECTOR = YES;
				GCC_WARN_UNINITIALIZED_AUTOS = YES_AGGRESSIVE;
				GCC_WARN_UNUSED_FUNCTION = YES;
				GCC_WARN_UNUSED_VARIABLE = YES;
				LOCALIZATION_PREFERS_STRING_CATALOGS = YES;
				MACOSX_DEPLOYMENT_TARGET = 15.1;
				MTL_ENABLE_DEBUG_INFO = INCLUDE_SOURCE;
				MTL_FAST_MATH = YES;
				ONLY_ACTIVE_ARCH = YES;
				SDKROOT = macosx;
				SWIFT_ACTIVE_COMPILATION_CONDITIONS = "DEBUG $(inherited)";
				SWIFT_OPTIMIZATION_LEVEL = "-Onone";
			};
			name = Debug;
		};
		A9BF06082D1D82F0007DA5CC /* Release */ = {
			isa = XCBuildConfiguration;
			buildSettings = {
				ALWAYS_SEARCH_USER_PATHS = NO;
				ASSETCATALOG_COMPILER_GENERATE_SWIFT_ASSET_SYMBOL_EXTENSIONS = YES;
				CLANG_ANALYZER_NONNULL = YES;
				CLANG_ANALYZER_NUMBER_OBJECT_CONVERSION = YES_AGGRESSIVE;
				CLANG_CXX_LANGUAGE_STANDARD = "gnu++20";
				CLANG_ENABLE_MODULES = YES;
				CLANG_ENABLE_OBJC_ARC = YES;
				CLANG_ENABLE_OBJC_WEAK = YES;
				CLANG_WARN_BLOCK_CAPTURE_AUTORELEASING = YES;
				CLANG_WARN_BOOL_CONVERSION = YES;
				CLANG_WARN_COMMA = YES;
				CLANG_WARN_CONSTANT_CONVERSION = YES;
				CLANG_WARN_DEPRECATED_OBJC_IMPLEMENTATIONS = YES;
				CLANG_WARN_DIRECT_OBJC_ISA_USAGE = YES_ERROR;
				CLANG_WARN_DOCUMENTATION_COMMENTS = YES;
				CLANG_WARN_EMPTY_BODY = YES;
				CLANG_WARN_ENUM_CONVERSION = YES;
				CLANG_WARN_INFINITE_RECURSION = YES;
				CLANG_WARN_INT_CONVERSION = YES;
				CLANG_WARN_NON_LITERAL_NULL_CONVERSION = YES;
				CLANG_WARN_OBJC_IMPLICIT_RETAIN_SELF = YES;
				CLANG_WARN_OBJC_LITERAL_CONVERSION = YES;
				CLANG_WARN_OBJC_ROOT_CLASS = YES_ERROR;
				CLANG_WARN_QUOTED_INCLUDE_IN_FRAMEWORK_HEADER = YES;
				CLANG_WARN_RANGE_LOOP_ANALYSIS = YES;
				CLANG_WARN_STRICT_PROTOTYPES = YES;
				CLANG_WARN_SUSPICIOUS_MOVE = YES;
				CLANG_WARN_UNGUARDED_AVAILABILITY = YES_AGGRESSIVE;
				CLANG_WARN_UNREACHABLE_CODE = YES;
				CLANG_WARN__DUPLICATE_METHOD_MATCH = YES;
				COPY_PHASE_STRIP = NO;
				DEBUG_INFORMATION_FORMAT = "dwarf-with-dsym";
				ENABLE_NS_ASSERTIONS = NO;
				ENABLE_STRICT_OBJC_MSGSEND = YES;
				ENABLE_USER_SCRIPT_SANDBOXING = YES;
				GCC_C_LANGUAGE_STANDARD = gnu17;
				GCC_NO_COMMON_BLOCKS = YES;
				GCC_WARN_64_TO_32_BIT_CONVERSION = YES;
				GCC_WARN_ABOUT_RETURN_TYPE = YES_ERROR;
				GCC_WARN_UNDECLARED_SELECTOR = YES;
				GCC_WARN_UNINITIALIZED_AUTOS = YES_AGGRESSIVE;
				GCC_WARN_UNUSED_FUNCTION = YES;
				GCC_WARN_UNUSED_VARIABLE = YES;
				LOCALIZATION_PREFERS_STRING_CATALOGS = YES;
				MACOSX_DEPLOYMENT_TARGET = 15.1;
				MTL_ENABLE_DEBUG_INFO = NO;
				MTL_FAST_MATH = YES;
				SDKROOT = macosx;
				SWIFT_COMPILATION_MODE = wholemodule;
			};
			name = Release;
		};
		A9BF060A2D1D82F0007DA5CC /* Debug */ = {
			isa = XCBuildConfiguration;
			buildSettings = {
				ASSETCATALOG_COMPILER_APPICON_NAME = AppIcon;
				ASSETCATALOG_COMPILER_GLOBAL_ACCENT_COLOR_NAME = AccentColor;
				CODE_SIGN_ENTITLEMENTS = TestEditor/TestEditor.entitlements;
				CODE_SIGN_STYLE = Automatic;
				COMBINE_HIDPI_IMAGES = YES;
				CURRENT_PROJECT_VERSION = 1;
				GENERATE_INFOPLIST_FILE = YES;
				INFOPLIST_KEY_NSHumanReadableCopyright = "";
				INFOPLIST_KEY_NSMainStoryboardFile = Main;
				INFOPLIST_KEY_NSPrincipalClass = NSApplication;
				LD_RUNPATH_SEARCH_PATHS = (
					"$(inherited)",
					"@executable_path/../Frameworks",
				);
				MARKETING_VERSION = 1.0;
				PRODUCT_BUNDLE_IDENTIFIER = "net.lie-yan.TestEditor";
				PRODUCT_NAME = "$(TARGET_NAME)";
				SWIFT_EMIT_LOC_STRINGS = YES;
				SWIFT_VERSION = 5.0;
			};
			name = Debug;
		};
		A9BF060B2D1D82F0007DA5CC /* Release */ = {
			isa = XCBuildConfiguration;
			buildSettings = {
				ASSETCATALOG_COMPILER_APPICON_NAME = AppIcon;
				ASSETCATALOG_COMPILER_GLOBAL_ACCENT_COLOR_NAME = AccentColor;
				CODE_SIGN_ENTITLEMENTS = TestEditor/TestEditor.entitlements;
				CODE_SIGN_STYLE = Automatic;
				COMBINE_HIDPI_IMAGES = YES;
				CURRENT_PROJECT_VERSION = 1;
				GENERATE_INFOPLIST_FILE = YES;
				INFOPLIST_KEY_NSHumanReadableCopyright = "";
				INFOPLIST_KEY_NSMainStoryboardFile = Main;
				INFOPLIST_KEY_NSPrincipalClass = NSApplication;
				LD_RUNPATH_SEARCH_PATHS = (
					"$(inherited)",
					"@executable_path/../Frameworks",
				);
				MARKETING_VERSION = 1.0;
				PRODUCT_BUNDLE_IDENTIFIER = "net.lie-yan.TestEditor";
				PRODUCT_NAME = "$(TARGET_NAME)";
				SWIFT_EMIT_LOC_STRINGS = YES;
				SWIFT_VERSION = 5.0;
			};
			name = Release;
		};
		A9BF060D2D1D82F0007DA5CC /* Debug */ = {
			isa = XCBuildConfiguration;
			buildSettings = {
				BUNDLE_LOADER = "$(TEST_HOST)";
				CODE_SIGN_STYLE = Automatic;
				CURRENT_PROJECT_VERSION = 1;
				GENERATE_INFOPLIST_FILE = YES;
				MACOSX_DEPLOYMENT_TARGET = 15.1;
				MARKETING_VERSION = 1.0;
				PRODUCT_BUNDLE_IDENTIFIER = "net.lie-yan.TestEditorTests";
				PRODUCT_NAME = "$(TARGET_NAME)";
				SWIFT_EMIT_LOC_STRINGS = NO;
				SWIFT_VERSION = 5.0;
				TEST_HOST = "$(BUILT_PRODUCTS_DIR)/TestEditor.app/$(BUNDLE_EXECUTABLE_FOLDER_PATH)/TestEditor";
			};
			name = Debug;
		};
		A9BF060E2D1D82F0007DA5CC /* Release */ = {
			isa = XCBuildConfiguration;
			buildSettings = {
				BUNDLE_LOADER = "$(TEST_HOST)";
				CODE_SIGN_STYLE = Automatic;
				CURRENT_PROJECT_VERSION = 1;
				GENERATE_INFOPLIST_FILE = YES;
				MACOSX_DEPLOYMENT_TARGET = 15.1;
				MARKETING_VERSION = 1.0;
				PRODUCT_BUNDLE_IDENTIFIER = "net.lie-yan.TestEditorTests";
				PRODUCT_NAME = "$(TARGET_NAME)";
				SWIFT_EMIT_LOC_STRINGS = NO;
				SWIFT_VERSION = 5.0;
				TEST_HOST = "$(BUILT_PRODUCTS_DIR)/TestEditor.app/$(BUNDLE_EXECUTABLE_FOLDER_PATH)/TestEditor";
			};
			name = Release;
		};
		A9BF06102D1D82F0007DA5CC /* Debug */ = {
			isa = XCBuildConfiguration;
			buildSettings = {
				CODE_SIGN_STYLE = Automatic;
				CURRENT_PROJECT_VERSION = 1;
				GENERATE_INFOPLIST_FILE = YES;
				MARKETING_VERSION = 1.0;
				PRODUCT_BUNDLE_IDENTIFIER = "net.lie-yan.TestEditorUITests";
				PRODUCT_NAME = "$(TARGET_NAME)";
				SWIFT_EMIT_LOC_STRINGS = NO;
				SWIFT_VERSION = 5.0;
				TEST_TARGET_NAME = TestEditor;
			};
			name = Debug;
		};
		A9BF06112D1D82F0007DA5CC /* Release */ = {
			isa = XCBuildConfiguration;
			buildSettings = {
				CODE_SIGN_STYLE = Automatic;
				CURRENT_PROJECT_VERSION = 1;
				GENERATE_INFOPLIST_FILE = YES;
				MARKETING_VERSION = 1.0;
				PRODUCT_BUNDLE_IDENTIFIER = "net.lie-yan.TestEditorUITests";
				PRODUCT_NAME = "$(TARGET_NAME)";
				SWIFT_EMIT_LOC_STRINGS = NO;
				SWIFT_VERSION = 5.0;
				TEST_TARGET_NAME = TestEditor;
			};
			name = Release;
		};
/* End XCBuildConfiguration section */

/* Begin XCConfigurationList section */
		A9BF05DF2D1D82EF007DA5CC /* Build configuration list for PBXProject "TestEditor" */ = {
			isa = XCConfigurationList;
			buildConfigurations = (
				A9BF06072D1D82F0007DA5CC /* Debug */,
				A9BF06082D1D82F0007DA5CC /* Release */,
			);
			defaultConfigurationIsVisible = 0;
			defaultConfigurationName = Release;
		};
		A9BF06092D1D82F0007DA5CC /* Build configuration list for PBXNativeTarget "TestEditor" */ = {
			isa = XCConfigurationList;
			buildConfigurations = (
				A9BF060A2D1D82F0007DA5CC /* Debug */,
				A9BF060B2D1D82F0007DA5CC /* Release */,
			);
			defaultConfigurationIsVisible = 0;
			defaultConfigurationName = Release;
		};
		A9BF060C2D1D82F0007DA5CC /* Build configuration list for PBXNativeTarget "TestEditorTests" */ = {
			isa = XCConfigurationList;
			buildConfigurations = (
				A9BF060D2D1D82F0007DA5CC /* Debug */,
				A9BF060E2D1D82F0007DA5CC /* Release */,
			);
			defaultConfigurationIsVisible = 0;
			defaultConfigurationName = Release;
		};
		A9BF060F2D1D82F0007DA5CC /* Build configuration list for PBXNativeTarget "TestEditorUITests" */ = {
			isa = XCConfigurationList;
			buildConfigurations = (
				A9BF06102D1D82F0007DA5CC /* Debug */,
				A9BF06112D1D82F0007DA5CC /* Release */,
			);
			defaultConfigurationIsVisible = 0;
			defaultConfigurationName = Release;
		};
/* End XCConfigurationList section */

/* Begin XCLocalSwiftPackageReference section */
		A96E7CEE2DB34B9000426F32 /* XCLocalSwiftPackageReference "../../swift-rohan" */ = {
			isa = XCLocalSwiftPackageReference;
			relativePath = "../../swift-rohan";
		};
/* End XCLocalSwiftPackageReference section */

/* Begin XCSwiftPackageProductDependency section */
		A96E7CEF2DB34B9000426F32 /* SwiftRohan */ = {
			isa = XCSwiftPackageProductDependency;
			productName = SwiftRohan;
		};
/* End XCSwiftPackageProductDependency section */
	};
	rootObject = A9BF05DC2D1D82EF007DA5CC /* Project object */;
}
