{
  "originHash" : "5f9991547e5554f9f390c5cc5262408b85885faf9ff5af0eef9f489d2142a157",
  "pins" : [
    {
      "identity" : "satz-algorithms",
      "kind" : "remoteSourceControl",
      "location" : "https://github.com/satzlich/satz-algorithms",
      "state" : {
        "branch" : "main",
        "revision" : "113754e3e453750f29e54c2f07d2903ae3fbf569"
      }
    },
    {
      "identity" : "swift-algorithms",
      "kind" : "remoteSourceControl",
      "location" : "https://github.com/apple/swift-algorithms",
      "state" : {
        "revision" : "87e50f483c54e6efd60e885f7f5aa946cee68023",
        "version" : "1.2.1"
      }
    },
    {
      "identity" : "swift-collections",
      "kind" : "remoteSourceControl",
      "location" : "https://github.com/apple/swift-collections.git",
      "state" : {
        "revision" : "671108c96644956dddcd89dd59c203dcdb36cec7",
        "version" : "1.1.4"
      }
    },
    {
      "identity" : "swift-numerics",
      "kind" : "remoteSourceControl",
      "location" : "https://github.com/apple/swift-numerics",
      "state" : {
        "revision" : "e0ec0f5f3af6f3e4d5e7a19d2af26b481acb6ba8",
        "version" : "1.0.3"
      }
    },
    {
      "identity" : "swift-syntax",
      "kind" : "remoteSourceControl",
      "location" : "https://github.com/apple/swift-syntax",
      "state" : {
        "revision" : "2bc86522d115234d1f588efe2bcb4ce4be8f8b82",
        "version" : "510.0.3"
      }
    },
    {
      "identity" : "swift-ttf-parser",
      "kind" : "remoteSourceControl",
      "location" : "https://github.com/satzlich/swift-ttf-parser",
      "state" : {
        "branch" : "main",
        "revision" : "0c72fde41457bb5e7313827b43759174eae3c865"
      }
    },
    {
      "identity" : "swift-unicode-math",
      "kind" : "remoteSourceControl",
      "location" : "https://github.com/satzlich/swift-unicode-math",
      "state" : {
        "revision" : "7b529b54b560f11487680c736e63ff9c66964b0e",
        "version" : "1.0.4"
      }
    }
  ],
  "version" : 3
}
