// !$*UTF8*$!
{
	archiveVersion = 1;
	classes = {
	};
	objectVersion = 77;
	objects = {

/* Begin PBXBuildFile section */
		A9016E822E176D870008042C /* SwiftRohan in Frameworks */ = {isa = PBXBuildFile; productRef = A9016E812E176D870008042C /* SwiftRohan */; };
		A96E7D6D2DB37CF400426F32 /* SwiftRohan in Frameworks */ = {isa = PBXBuildFile; productRef = A96E7D6C2DB37CF400426F32 /* SwiftRohan */; };
/* End PBXBuildFile section */

/* Begin PBXContainerItemProxy section */
		A97289B62DB2A4F400BA57EE /* PBXContainerItemProxy */ = {
			isa = PBXContainerItemProxy;
			containerPortal = A97289992DB2A4F300BA57EE /* Project object */;
			proxyType = 1;
			remoteGlobalIDString = A97289A02DB2A4F300BA57EE;
			remoteInfo = Rohan;
		};
		A97289C02DB2A4F400BA57EE /* PBXContainerItemProxy */ = {
			isa = PBXContainerItemProxy;
			containerPortal = A97289992DB2A4F300BA57EE /* Project object */;
			proxyType = 1;
			remoteGlobalIDString = A97289A02DB2A4F300BA57EE;
			remoteInfo = Rohan;
		};
/* End PBXContainerItemProxy section */

/* Begin PBXFileReference section */
		A97289A12DB2A4F300BA57EE /* Rohan.app */ = {isa = PBXFileReference; explicitFileType = wrapper.application; includeInIndex = 0; path = Rohan.app; sourceTree = BUILT_PRODUCTS_DIR; };
		A97289B52DB2A4F400BA57EE /* RohanTests.xctest */ = {isa = PBXFileReference; explicitFileType = wrapper.cfbundle; includeInIndex = 0; path = RohanTests.xctest; sourceTree = BUILT_PRODUCTS_DIR; };
		A97289BF2DB2A4F400BA57EE /* RohanUITests.xctest */ = {isa = PBXFileReference; explicitFileType = wrapper.cfbundle; includeInIndex = 0; path = RohanUITests.xctest; sourceTree = BUILT_PRODUCTS_DIR; };
/* End PBXFileReference section */

/* Begin PBXFileSystemSynchronizedBuildFileExceptionSet section */
		A97289C72DB2A4F400BA57EE /* Exceptions for "Rohan" folder in "Rohan" target */ = {
			isa = PBXFileSystemSynchronizedBuildFileExceptionSet;
			membershipExceptions = (
				Info.plist,
			);
			target = A97289A02DB2A4F300BA57EE /* Rohan */;
		};
/* End PBXFileSystemSynchronizedBuildFileExceptionSet section */

/* Begin PBXFileSystemSynchronizedRootGroup section */
		A97289A32DB2A4F300BA57EE /* Rohan */ = {
			isa = PBXFileSystemSynchronizedRootGroup;
			exceptions = (
				A97289C72DB2A4F400BA57EE /* Exceptions for "Rohan" folder in "Rohan" target */,
			);
			path = Rohan;
			sourceTree = "<group>";
		};
		A97289B82DB2A4F400BA57EE /* RohanTests */ = {
			isa = PBXFileSystemSynchronizedRootGroup;
			path = RohanTests;
			sourceTree = "<group>";
		};
		A97289C22DB2A4F400BA57EE /* RohanUITests */ = {
			isa = PBXFileSystemSynchronizedRootGroup;
			path = RohanUITests;
			sourceTree = "<group>";
		};
/* End PBXFileSystemSynchronizedRootGroup section */

/* Begin PBXFrameworksBuildPhase section */
		A972899E2DB2A4F300BA57EE /* Frameworks */ = {
			isa = PBXFrameworksBuildPhase;
			buildActionMask = 2147483647;
			files = (
				A96E7D6D2DB37CF400426F32 /* SwiftRohan in Frameworks */,
				A9016E822E176D870008042C /* SwiftRohan in Frameworks */,
			);
			runOnlyForDeploymentPostprocessing = 0;
		};
		A97289B22DB2A4F400BA57EE /* Frameworks */ = {
			isa = PBXFrameworksBuildPhase;
			buildActionMask = 2147483647;
			files = (
			);
			runOnlyForDeploymentPostprocessing = 0;
		};
		A97289BC2DB2A4F400BA57EE /* Frameworks */ = {
			isa = PBXFrameworksBuildPhase;
			buildActionMask = 2147483647;
			files = (
			);
			runOnlyForDeploymentPostprocessing = 0;
		};
/* End PBXFrameworksBuildPhase section */

/* Begin PBXGroup section */
		A97289982DB2A4F300BA57EE = {
			isa = PBXGroup;
			children = (
				A97289A32DB2A4F300BA57EE /* Rohan */,
				A97289B82DB2A4F400BA57EE /* RohanTests */,
				A97289C22DB2A4F400BA57EE /* RohanUITests */,
				A97289A22DB2A4F300BA57EE /* Products */,
			);
			sourceTree = "<group>";
		};
		A97289A22DB2A4F300BA57EE /* Products */ = {
			isa = PBXGroup;
			children = (
				A97289A12DB2A4F300BA57EE /* Rohan.app */,
				A97289B52DB2A4F400BA57EE /* RohanTests.xctest */,
				A97289BF2DB2A4F400BA57EE /* RohanUITests.xctest */,
			);
			name = Products;
			sourceTree = "<group>";
		};
/* End PBXGroup section */

/* Begin PBXNativeTarget section */
		A97289A02DB2A4F300BA57EE /* Rohan */ = {
			isa = PBXNativeTarget;
			buildConfigurationList = A97289C82DB2A4F400BA57EE /* Build configuration list for PBXNativeTarget "Rohan" */;
			buildPhases = (
				A972899D2DB2A4F300BA57EE /* Sources */,
				A972899E2DB2A4F300BA57EE /* Frameworks */,
				A972899F2DB2A4F300BA57EE /* Resources */,
			);
			buildRules = (
			);
			dependencies = (
			);
			fileSystemSynchronizedGroups = (
				A97289A32DB2A4F300BA57EE /* Rohan */,
			);
			name = Rohan;
			packageProductDependencies = (
				A96E7D6C2DB37CF400426F32 /* SwiftRohan */,
				A9016E812E176D870008042C /* SwiftRohan */,
			);
			productName = Rohan;
			productReference = A97289A12DB2A4F300BA57EE /* Rohan.app */;
			productType = "com.apple.product-type.application";
		};
		A97289B42DB2A4F400BA57EE /* RohanTests */ = {
			isa = PBXNativeTarget;
			buildConfigurationList = A97289CD2DB2A4F400BA57EE /* Build configuration list for PBXNativeTarget "RohanTests" */;
			buildPhases = (
				A97289B12DB2A4F400BA57EE /* Sources */,
				A97289B22DB2A4F400BA57EE /* Frameworks */,
				A97289B32DB2A4F400BA57EE /* Resources */,
			);
			buildRules = (
			);
			dependencies = (
				A97289B72DB2A4F400BA57EE /* PBXTargetDependency */,
			);
			fileSystemSynchronizedGroups = (
				A97289B82DB2A4F400BA57EE /* RohanTests */,
			);
			name = RohanTests;
			packageProductDependencies = (
			);
			productName = RohanTests;
			productReference = A97289B52DB2A4F400BA57EE /* RohanTests.xctest */;
			productType = "com.apple.product-type.bundle.unit-test";
		};
		A97289BE2DB2A4F400BA57EE /* RohanUITests */ = {
			isa = PBXNativeTarget;
			buildConfigurationList = A97289D02DB2A4F400BA57EE /* Build configuration list for PBXNativeTarget "RohanUITests" */;
			buildPhases = (
				A97289BB2DB2A4F400BA57EE /* Sources */,
				A97289BC2DB2A4F400BA57EE /* Frameworks */,
				A97289BD2DB2A4F400BA57EE /* Resources */,
			);
			buildRules = (
			);
			dependencies = (
				A97289C12DB2A4F400BA57EE /* PBXTargetDependency */,
			);
			fileSystemSynchronizedGroups = (
				A97289C22DB2A4F400BA57EE /* RohanUITests */,
			);
			name = RohanUITests;
			packageProductDependencies = (
			);
			productName = RohanUITests;
			productReference = A97289BF2DB2A4F400BA57EE /* RohanUITests.xctest */;
			productType = "com.apple.product-type.bundle.ui-testing";
		};
/* End PBXNativeTarget section */

/* Begin PBXProject section */
		A97289992DB2A4F300BA57EE /* Project object */ = {
			isa = PBXProject;
			attributes = {
				BuildIndependentTargetsInParallel = 1;
				LastSwiftUpdateCheck = 1630;
				LastUpgradeCheck = 1640;
				TargetAttributes = {
					A97289A02DB2A4F300BA57EE = {
						CreatedOnToolsVersion = 16.3;
					};
					A97289B42DB2A4F400BA57EE = {
						CreatedOnToolsVersion = 16.3;
						TestTargetID = A97289A02DB2A4F300BA57EE;
					};
					A97289BE2DB2A4F400BA57EE = {
						CreatedOnToolsVersion = 16.3;
						TestTargetID = A97289A02DB2A4F300BA57EE;
					};
				};
			};
			buildConfigurationList = A972899C2DB2A4F300BA57EE /* Build configuration list for PBXProject "Rohan" */;
			developmentRegion = en;
			hasScannedForEncodings = 0;
			knownRegions = (
				en,
				Base,
			);
			mainGroup = A97289982DB2A4F300BA57EE;
			minimizedProjectReferenceProxies = 1;
			packageReferences = (
				A9016E802E176D870008042C /* XCLocalSwiftPackageReference "../../swift-rohan" */,
			);
			preferredProjectObjectVersion = 77;
			productRefGroup = A97289A22DB2A4F300BA57EE /* Products */;
			projectDirPath = "";
			projectRoot = "";
			targets = (
				A97289A02DB2A4F300BA57EE /* Rohan */,
				A97289B42DB2A4F400BA57EE /* RohanTests */,
				A97289BE2DB2A4F400BA57EE /* RohanUITests */,
			);
		};
/* End PBXProject section */

/* Begin PBXResourcesBuildPhase section */
		A972899F2DB2A4F300BA57EE /* Resources */ = {
			isa = PBXResourcesBuildPhase;
			buildActionMask = 2147483647;
			files = (
			);
			runOnlyForDeploymentPostprocessing = 0;
		};
		A97289B32DB2A4F400BA57EE /* Resources */ = {
			isa = PBXResourcesBuildPhase;
			buildActionMask = 2147483647;
			files = (
			);
			runOnlyForDeploymentPostprocessing = 0;
		};
		A97289BD2DB2A4F400BA57EE /* Resources */ = {
			isa = PBXResourcesBuildPhase;
			buildActionMask = 2147483647;
			files = (
			);
			runOnlyForDeploymentPostprocessing = 0;
		};
/* End PBXResourcesBuildPhase section */

/* Begin PBXSourcesBuildPhase section */
		A972899D2DB2A4F300BA57EE /* Sources */ = {
			isa = PBXSourcesBuildPhase;
			buildActionMask = 2147483647;
			files = (
			);
			runOnlyForDeploymentPostprocessing = 0;
		};
		A97289B12DB2A4F400BA57EE /* Sources */ = {
			isa = PBXSourcesBuildPhase;
			buildActionMask = 2147483647;
			files = (
			);
			runOnlyForDeploymentPostprocessing = 0;
		};
		A97289BB2DB2A4F400BA57EE /* Sources */ = {
			isa = PBXSourcesBuildPhase;
			buildActionMask = 2147483647;
			files = (
			);
			runOnlyForDeploymentPostprocessing = 0;
		};
/* End PBXSourcesBuildPhase section */

/* Begin PBXTargetDependency section */
		A97289B72DB2A4F400BA57EE /* PBXTargetDependency */ = {
			isa = PBXTargetDependency;
			target = A97289A02DB2A4F300BA57EE /* Rohan */;
			targetProxy = A97289B62DB2A4F400BA57EE /* PBXContainerItemProxy */;
		};
		A97289C12DB2A4F400BA57EE /* PBXTargetDependency */ = {
			isa = PBXTargetDependency;
			target = A97289A02DB2A4F300BA57EE /* Rohan */;
			targetProxy = A97289C02DB2A4F400BA57EE /* PBXContainerItemProxy */;
		};
/* End PBXTargetDependency section */

/* Begin XCBuildConfiguration section */
		A97289C92DB2A4F400BA57EE /* Debug */ = {
			isa = XCBuildConfiguration;
			buildSettings = {
				ASSETCATALOG_COMPILER_APPICON_NAME = AppIcon;
				ASSETCATALOG_COMPILER_GLOBAL_ACCENT_COLOR_NAME = AccentColor;
				CODE_SIGN_ENTITLEMENTS = Rohan/Rohan.entitlements;
				CODE_SIGN_STYLE = Automatic;
				COMBINE_HIDPI_IMAGES = YES;
				CURRENT_PROJECT_VERSION = 4;
				DEAD_CODE_STRIPPING = YES;
				DEVELOPMENT_TEAM = 5DZ92YHU57;
				GENERATE_INFOPLIST_FILE = YES;
				INFOPLIST_FILE = Rohan/Info.plist;
				INFOPLIST_KEY_CFBundleDisplayName = Rohan;
				INFOPLIST_KEY_LSApplicationCategoryType = "public.app-category.productivity";
				INFOPLIST_KEY_NSHumanReadableCopyright = "";
				INFOPLIST_KEY_NSMainStoryboardFile = Main;
				INFOPLIST_KEY_NSPrincipalClass = NSApplication;
				LD_RUNPATH_SEARCH_PATHS = (
					"$(inherited)",
					"@executable_path/../Frameworks",
				);
				MARKETING_VERSION = 1.0.1;
				PRODUCT_BUNDLE_IDENTIFIER = net.satzlich.rohan;
				PRODUCT_NAME = "$(TARGET_NAME)";
				REGISTER_APP_GROUPS = YES;
				SWIFT_EMIT_LOC_STRINGS = YES;
				SWIFT_VERSION = 5.0;
			};
			name = Debug;
		};
		A97289CA2DB2A4F400BA57EE /* Release */ = {
			isa = XCBuildConfiguration;
			buildSettings = {
				ASSETCATALOG_COMPILER_APPICON_NAME = AppIcon;
				ASSETCATALOG_COMPILER_GLOBAL_ACCENT_COLOR_NAME = AccentColor;
				CODE_SIGN_ENTITLEMENTS = Rohan/Rohan.entitlements;
				CODE_SIGN_STYLE = Automatic;
				COMBINE_HIDPI_IMAGES = YES;
				CURRENT_PROJECT_VERSION = 4;
				DEAD_CODE_STRIPPING = YES;
				DEVELOPMENT_TEAM = 5DZ92YHU57;
				GENERATE_INFOPLIST_FILE = YES;
				INFOPLIST_FILE = Rohan/Info.plist;
				INFOPLIST_KEY_CFBundleDisplayName = Rohan;
				INFOPLIST_KEY_LSApplicationCategoryType = "public.app-category.productivity";
				INFOPLIST_KEY_NSHumanReadableCopyright = "";
				INFOPLIST_KEY_NSMainStoryboardFile = Main;
				INFOPLIST_KEY_NSPrincipalClass = NSApplication;
				LD_RUNPATH_SEARCH_PATHS = (
					"$(inherited)",
					"@executable_path/../Frameworks",
				);
				MARKETING_VERSION = 1.0.1;
				PRODUCT_BUNDLE_IDENTIFIER = net.satzlich.rohan;
				PRODUCT_NAME = "$(TARGET_NAME)";
				REGISTER_APP_GROUPS = YES;
				SWIFT_EMIT_LOC_STRINGS = YES;
				SWIFT_VERSION = 5.0;
			};
			name = Release;
		};
		A97289CB2DB2A4F400BA57EE /* Debug */ = {
			isa = XCBuildConfiguration;
			buildSettings = {
				ALWAYS_SEARCH_USER_PATHS = NO;
				ASSETCATALOG_COMPILER_GENERATE_SWIFT_ASSET_SYMBOL_EXTENSIONS = YES;
				CLANG_ANALYZER_NONNULL = YES;
				CLANG_ANALYZER_NUMBER_OBJECT_CONVERSION = YES_AGGRESSIVE;
				CLANG_CXX_LANGUAGE_STANDARD = "gnu++20";
				CLANG_ENABLE_MODULES = YES;
				CLANG_ENABLE_OBJC_ARC = YES;
				CLANG_ENABLE_OBJC_WEAK = YES;
				CLANG_WARN_BLOCK_CAPTURE_AUTORELEASING = YES;
				CLANG_WARN_BOOL_CONVERSION = YES;
				CLANG_WARN_COMMA = YES;
				CLANG_WARN_CONSTANT_CONVERSION = YES;
				CLANG_WARN_DEPRECATED_OBJC_IMPLEMENTATIONS = YES;
				CLANG_WARN_DIRECT_OBJC_ISA_USAGE = YES_ERROR;
				CLANG_WARN_DOCUMENTATION_COMMENTS = YES;
				CLANG_WARN_EMPTY_BODY = YES;
				CLANG_WARN_ENUM_CONVERSION = YES;
				CLANG_WARN_INFINITE_RECURSION = YES;
				CLANG_WARN_INT_CONVERSION = YES;
				CLANG_WARN_NON_LITERAL_NULL_CONVERSION = YES;
				CLANG_WARN_OBJC_IMPLICIT_RETAIN_SELF = YES;
				CLANG_WARN_OBJC_LITERAL_CONVERSION = YES;
				CLANG_WARN_OBJC_ROOT_CLASS = YES_ERROR;
				CLANG_WARN_QUOTED_INCLUDE_IN_FRAMEWORK_HEADER = YES;
				CLANG_WARN_RANGE_LOOP_ANALYSIS = YES;
				CLANG_WARN_STRICT_PROTOTYPES = YES;
				CLANG_WARN_SUSPICIOUS_MOVE = YES;
				CLANG_WARN_UNGUARDED_AVAILABILITY = YES_AGGRESSIVE;
				CLANG_WARN_UNREACHABLE_CODE = YES;
				CLANG_WARN__DUPLICATE_METHOD_MATCH = YES;
				COPY_PHASE_STRIP = NO;
				DEAD_CODE_STRIPPING = YES;
				DEBUG_INFORMATION_FORMAT = dwarf;
				ENABLE_STRICT_OBJC_MSGSEND = YES;
				ENABLE_TESTABILITY = YES;
				ENABLE_USER_SCRIPT_SANDBOXING = YES;
				GCC_C_LANGUAGE_STANDARD = gnu17;
				GCC_DYNAMIC_NO_PIC = NO;
				GCC_NO_COMMON_BLOCKS = YES;
				GCC_OPTIMIZATION_LEVEL = 0;
				GCC_PREPROCESSOR_DEFINITIONS = (
					"DEBUG=1",
					"$(inherited)",
				);
				GCC_WARN_64_TO_32_BIT_CONVERSION = YES;
				GCC_WARN_ABOUT_RETURN_TYPE = YES_ERROR;
				GCC_WARN_UNDECLARED_SELECTOR = YES;
				GCC_WARN_UNINITIALIZED_AUTOS = YES_AGGRESSIVE;
				GCC_WARN_UNUSED_FUNCTION = YES;
				GCC_WARN_UNUSED_VARIABLE = YES;
				LOCALIZATION_PREFERS_STRING_CATALOGS = YES;
				MACOSX_DEPLOYMENT_TARGET = 15.2;
				MTL_ENABLE_DEBUG_INFO = INCLUDE_SOURCE;
				MTL_FAST_MATH = YES;
				ONLY_ACTIVE_ARCH = YES;
				SDKROOT = macosx;
				SWIFT_ACTIVE_COMPILATION_CONDITIONS = "DEBUG $(inherited)";
				SWIFT_OPTIMIZATION_LEVEL = "-Onone";
			};
			name = Debug;
		};
		A97289CC2DB2A4F400BA57EE /* Release */ = {
			isa = XCBuildConfiguration;
			buildSettings = {
				ALWAYS_SEARCH_USER_PATHS = NO;
				ASSETCATALOG_COMPILER_GENERATE_SWIFT_ASSET_SYMBOL_EXTENSIONS = YES;
				CLANG_ANALYZER_NONNULL = YES;
				CLANG_ANALYZER_NUMBER_OBJECT_CONVERSION = YES_AGGRESSIVE;
				CLANG_CXX_LANGUAGE_STANDARD = "gnu++20";
				CLANG_ENABLE_MODULES = YES;
				CLANG_ENABLE_OBJC_ARC = YES;
				CLANG_ENABLE_OBJC_WEAK = YES;
				CLANG_WARN_BLOCK_CAPTURE_AUTORELEASING = YES;
				CLANG_WARN_BOOL_CONVERSION = YES;
				CLANG_WARN_COMMA = YES;
				CLANG_WARN_CONSTANT_CONVERSION = YES;
				CLANG_WARN_DEPRECATED_OBJC_IMPLEMENTATIONS = YES;
				CLANG_WARN_DIRECT_OBJC_ISA_USAGE = YES_ERROR;
				CLANG_WARN_DOCUMENTATION_COMMENTS = YES;
				CLANG_WARN_EMPTY_BODY = YES;
				CLANG_WARN_ENUM_CONVERSION = YES;
				CLANG_WARN_INFINITE_RECURSION = YES;
				CLANG_WARN_INT_CONVERSION = YES;
				CLANG_WARN_NON_LITERAL_NULL_CONVERSION = YES;
				CLANG_WARN_OBJC_IMPLICIT_RETAIN_SELF = YES;
				CLANG_WARN_OBJC_LITERAL_CONVERSION = YES;
				CLANG_WARN_OBJC_ROOT_CLASS = YES_ERROR;
				CLANG_WARN_QUOTED_INCLUDE_IN_FRAMEWORK_HEADER = YES;
				CLANG_WARN_RANGE_LOOP_ANALYSIS = YES;
				CLANG_WARN_STRICT_PROTOTYPES = YES;
				CLANG_WARN_SUSPICIOUS_MOVE = YES;
				CLANG_WARN_UNGUARDED_AVAILABILITY = YES_AGGRESSIVE;
				CLANG_WARN_UNREACHABLE_CODE = YES;
				CLANG_WARN__DUPLICATE_METHOD_MATCH = YES;
				COPY_PHASE_STRIP = NO;
				DEAD_CODE_STRIPPING = YES;
				DEBUG_INFORMATION_FORMAT = "dwarf-with-dsym";
				ENABLE_NS_ASSERTIONS = NO;
				ENABLE_STRICT_OBJC_MSGSEND = YES;
				ENABLE_USER_SCRIPT_SANDBOXING = YES;
				GCC_C_LANGUAGE_STANDARD = gnu17;
				GCC_NO_COMMON_BLOCKS = YES;
				GCC_WARN_64_TO_32_BIT_CONVERSION = YES;
				GCC_WARN_ABOUT_RETURN_TYPE = YES_ERROR;
				GCC_WARN_UNDECLARED_SELECTOR = YES;
				GCC_WARN_UNINITIALIZED_AUTOS = YES_AGGRESSIVE;
				GCC_WARN_UNUSED_FUNCTION = YES;
				GCC_WARN_UNUSED_VARIABLE = YES;
				LOCALIZATION_PREFERS_STRING_CATALOGS = YES;
				MACOSX_DEPLOYMENT_TARGET = 15.2;
				MTL_ENABLE_DEBUG_INFO = NO;
				MTL_FAST_MATH = YES;
				SDKROOT = macosx;
				SWIFT_COMPILATION_MODE = wholemodule;
			};
			name = Release;
		};
		A97289CE2DB2A4F400BA57EE /* Debug */ = {
			isa = XCBuildConfiguration;
			buildSettings = {
				BUNDLE_LOADER = "$(TEST_HOST)";
				CODE_SIGN_STYLE = Automatic;
				CURRENT_PROJECT_VERSION = 1;
				DEAD_CODE_STRIPPING = YES;
				GENERATE_INFOPLIST_FILE = YES;
				MACOSX_DEPLOYMENT_TARGET = 15.2;
				MARKETING_VERSION = 1.0;
				PRODUCT_BUNDLE_IDENTIFIER = net.satzlich.RohanTests;
				PRODUCT_NAME = "$(TARGET_NAME)";
				SWIFT_EMIT_LOC_STRINGS = NO;
				SWIFT_VERSION = 5.0;
				TEST_HOST = "$(BUILT_PRODUCTS_DIR)/Rohan.app/$(BUNDLE_EXECUTABLE_FOLDER_PATH)/Rohan";
			};
			name = Debug;
		};
		A97289CF2DB2A4F400BA57EE /* Release */ = {
			isa = XCBuildConfiguration;
			buildSettings = {
				BUNDLE_LOADER = "$(TEST_HOST)";
				CODE_SIGN_STYLE = Automatic;
				CURRENT_PROJECT_VERSION = 1;
				DEAD_CODE_STRIPPING = YES;
				GENERATE_INFOPLIST_FILE = YES;
				MACOSX_DEPLOYMENT_TARGET = 15.2;
				MARKETING_VERSION = 1.0;
				PRODUCT_BUNDLE_IDENTIFIER = net.satzlich.RohanTests;
				PRODUCT_NAME = "$(TARGET_NAME)";
				SWIFT_EMIT_LOC_STRINGS = NO;
				SWIFT_VERSION = 5.0;
				TEST_HOST = "$(BUILT_PRODUCTS_DIR)/Rohan.app/$(BUNDLE_EXECUTABLE_FOLDER_PATH)/Rohan";
			};
			name = Release;
		};
		A97289D12DB2A4F400BA57EE /* Debug */ = {
			isa = XCBuildConfiguration;
			buildSettings = {
				CODE_SIGN_STYLE = Automatic;
				CURRENT_PROJECT_VERSION = 1;
				DEAD_CODE_STRIPPING = YES;
				GENERATE_INFOPLIST_FILE = YES;
				MARKETING_VERSION = 1.0;
				PRODUCT_BUNDLE_IDENTIFIER = net.satzlich.RohanUITests;
				PRODUCT_NAME = "$(TARGET_NAME)";
				SWIFT_EMIT_LOC_STRINGS = NO;
				SWIFT_VERSION = 5.0;
				TEST_TARGET_NAME = Rohan;
			};
			name = Debug;
		};
		A97289D22DB2A4F400BA57EE /* Release */ = {
			isa = XCBuildConfiguration;
			buildSettings = {
				CODE_SIGN_STYLE = Automatic;
				CURRENT_PROJECT_VERSION = 1;
				DEAD_CODE_STRIPPING = YES;
				GENERATE_INFOPLIST_FILE = YES;
				MARKETING_VERSION = 1.0;
				PRODUCT_BUNDLE_IDENTIFIER = net.satzlich.RohanUITests;
				PRODUCT_NAME = "$(TARGET_NAME)";
				SWIFT_EMIT_LOC_STRINGS = NO;
				SWIFT_VERSION = 5.0;
				TEST_TARGET_NAME = Rohan;
			};
			name = Release;
		};
/* End XCBuildConfiguration section */

/* Begin XCConfigurationList section */
		A972899C2DB2A4F300BA57EE /* Build configuration list for PBXProject "Rohan" */ = {
			isa = XCConfigurationList;
			buildConfigurations = (
				A97289CB2DB2A4F400BA57EE /* Debug */,
				A97289CC2DB2A4F400BA57EE /* Release */,
			);
			defaultConfigurationIsVisible = 0;
			defaultConfigurationName = Release;
		};
		A97289C82DB2A4F400BA57EE /* Build configuration list for PBXNativeTarget "Rohan" */ = {
			isa = XCConfigurationList;
			buildConfigurations = (
				A97289C92DB2A4F400BA57EE /* Debug */,
				A97289CA2DB2A4F400BA57EE /* Release */,
			);
			defaultConfigurationIsVisible = 0;
			defaultConfigurationName = Release;
		};
		A97289CD2DB2A4F400BA57EE /* Build configuration list for PBXNativeTarget "RohanTests" */ = {
			isa = XCConfigurationList;
			buildConfigurations = (
				A97289CE2DB2A4F400BA57EE /* Debug */,
				A97289CF2DB2A4F400BA57EE /* Release */,
			);
			defaultConfigurationIsVisible = 0;
			defaultConfigurationName = Release;
		};
		A97289D02DB2A4F400BA57EE /* Build configuration list for PBXNativeTarget "RohanUITests" */ = {
			isa = XCConfigurationList;
			buildConfigurations = (
				A97289D12DB2A4F400BA57EE /* Debug */,
				A97289D22DB2A4F400BA57EE /* Release */,
			);
			defaultConfigurationIsVisible = 0;
			defaultConfigurationName = Release;
		};
/* End XCConfigurationList section */

/* Begin XCLocalSwiftPackageReference section */
		A9016E802E176D870008042C /* XCLocalSwiftPackageReference "../../swift-rohan" */ = {
			isa = XCLocalSwiftPackageReference;
			relativePath = "../../swift-rohan";
		};
/* End XCLocalSwiftPackageReference section */

/* Begin XCSwiftPackageProductDependency section */
		A9016E812E176D870008042C /* SwiftRohan */ = {
			isa = XCSwiftPackageProductDependency;
			productName = SwiftRohan;
		};
		A96E7D6C2DB37CF400426F32 /* SwiftRohan */ = {
			isa = XCSwiftPackageProductDependency;
			productName = SwiftRohan;
		};
/* End XCSwiftPackageProductDependency section */
	};
	rootObject = A97289992DB2A4F300BA57EE /* Project object */;
}
